
Microsoft Visual Studio Solution File, Format Version 12.00
# Visual Studio Version 17
VisualStudioVersion = 17.14.36518.9 d17.14
MinimumVisualStudioVersion = 10.0.40219.1
Project("{FAE04EC0-301F-11D3-BF4B-00C04F79EFBC}") = "UI", "UI\UI.csproj", "{EFA04300-30B2-4351-A735-26F3FC44835C}"
EndProject
Project("{FAE04EC0-301F-11D3-BF4B-00C04F79EFBC}") = "BL", "BL\BL.csproj", "{6F2EF329-4B5A-4324-8820-0F90555676B6}"
EndProject
Project("{FAE04EC0-301F-11D3-BF4B-00C04F79EFBC}") = "DAL", "DAL\DAL.csproj", "{141EDA67-92D1-47CF-BEF9-064F16B8A9F9}"
EndProject
Project("{FAE04EC0-301F-11D3-BF4B-00C04F79EFBC}") = "Models", "Models\Models.csproj", "{B108D1AD-E1B7-4D3C-BFD4-E35142E63FBA}"
EndProject
Global
	GlobalSection(SolutionConfigurationPlatforms) = preSolution
		Debug|Any CPU = Debug|Any CPU
		Release|Any CPU = Release|Any CPU
	EndGlobalSection
	GlobalSection(ProjectConfigurationPlatforms) = postSolution
		{EFA04300-30B2-4351-A735-26F3FC44835C}.Debug|Any CPU.ActiveCfg = Debug|Any CPU
		{EFA04300-30B2-4351-A735-26F3FC44835C}.Debug|Any CPU.Build.0 = Debug|Any CPU
		{EFA04300-30B2-4351-A735-26F3FC44835C}.Release|Any CPU.ActiveCfg = Release|Any CPU
		{EFA04300-30B2-4351-A735-26F3FC44835C}.Release|Any CPU.Build.0 = Release|Any CPU
		{6F2EF329-4B5A-4324-8820-0F90555676B6}.Debug|Any CPU.ActiveCfg = Debug|Any CPU
		{6F2EF329-4B5A-4324-8820-0F90555676B6}.Debug|Any CPU.Build.0 = Debug|Any CPU
		{6F2EF329-4B5A-4324-8820-0F90555676B6}.Release|Any CPU.ActiveCfg = Release|Any CPU
		{6F2EF329-4B5A-4324-8820-0F90555676B6}.Release|Any CPU.Build.0 = Release|Any CPU
		{141EDA67-92D1-47CF-BEF9-064F16B8A9F9}.Debug|Any CPU.ActiveCfg = Debug|Any CPU
		{141EDA67-92D1-47CF-BEF9-064F16B8A9F9}.Debug|Any CPU.Build.0 = Debug|Any CPU
		{141EDA67-92D1-47CF-BEF9-064F16B8A9F9}.Release|Any CPU.ActiveCfg = Release|Any CPU
		{141EDA67-92D1-47CF-BEF9-064F16B8A9F9}.Release|Any CPU.Build.0 = Release|Any CPU
		{B108D1AD-E1B7-4D3C-BFD4-E35142E63FBA}.Debug|Any CPU.ActiveCfg = Debug|Any CPU
		{B108D1AD-E1B7-4D3C-BFD4-E35142E63FBA}.Debug|Any CPU.Build.0 = Debug|Any CPU
		{B108D1AD-E1B7-4D3C-BFD4-E35142E63FBA}.Release|Any CPU.ActiveCfg = Release|Any CPU
		{B108D1AD-E1B7-4D3C-BFD4-E35142E63FBA}.Release|Any CPU.Build.0 = Release|Any CPU
	EndGlobalSection
	GlobalSection(SolutionProperties) = preSolution
		HideSolutionNode = FALSE
	EndGlobalSection
	GlobalSection(ExtensibilityGlobals) = postSolution
		SolutionGuid = {A9C34ECB-6AE7-400D-AAA1-C8C25337BF09}
	EndGlobalSection
EndGlobal
